
Microsoft Visual Studio Solution File, Format Version 12.00
# Visual Studio Version 17
VisualStudioVersion = 17.6.33829.357
MinimumVisualStudioVersion = 10.0.40219.1
Project("{FAE04EC0-301F-11D3-BF4B-00C04F79EFBC}") = "contososterra1", "contososterra1.csproj", "{7EA471C2-85FF-470A-9522-CC0593A35994}"
EndProject
Global
	GlobalSection(SolutionConfigurationPlatforms) = preSolution
		Debug|Any CPU = Debug|Any CPU
		Release|Any CPU = Release|Any CPU
	EndGlobalSection
	GlobalSection(ProjectConfigurationPlatforms) = postSolution
		{7EA471C2-85FF-470A-9522-CC0593A35994}.Debug|Any CPU.ActiveCfg = Debug|Any CPU
		{7EA471C2-85FF-470A-9522-CC0593A35994}.Debug|Any CPU.Build.0 = Debug|Any CPU
		{7EA471C2-85FF-470A-9522-CC0593A35994}.Release|Any CPU.ActiveCfg = Release|Any CPU
		{7EA471C2-85FF-470A-9522-CC0593A35994}.Release|Any CPU.Build.0 = Release|Any CPU
	EndGlobalSection
	GlobalSection(SolutionProperties) = preSolution
		HideSolutionNode = FALSE
	EndGlobalSection
	GlobalSection(ExtensibilityGlobals) = postSolution
		SolutionGuid = {4D35514E-23A2-4EBA-85E3-14C0D5ACD064}
	EndGlobalSection
EndGlobal
